
Microsoft Visual Studio Solution File, Format Version 12.00
# Visual Studio 15
VisualStudioVersion = 15.0.26124.0
MinimumVisualStudioVersion = 15.0.26124.0
Project("{FAE04EC0-301F-11D3-BF4B-00C04F79EFBC}") = "R5T.Stockholm.Base.Construction", "R5T.Stockholm.Base.Construction\R5T.Stockholm.Base.Construction.csproj", "{58C03431-148B-4397-891E-7BF4C0C7E1A9}"
EndProject
Project("{FAE04EC0-301F-11D3-BF4B-00C04F79EFBC}") = "R5T.Stockholm.Base", "R5T.Stockholm.Base\R5T.Stockholm.Base.csproj", "{0DCE5B20-A7A7-43E9-ACD6-63D86911F4DB}"
EndProject
Project("{2150E333-8FDC-42A3-9474-1A3956D46DE8}") = "_Dependencies", "_Dependencies", "{E37FA4A2-2B35-4117-87F7-E555C2237AA4}"
EndProject
Project("{FAE04EC0-301F-11D3-BF4B-00C04F79EFBC}") = "R5T.T0064", "..\..\R5T.T0064\source\R5T.T0064\R5T.T0064.csproj", "{6C3F420E-5CF9-49C2-A99A-0E80DB09B3D8}"
EndProject
Global
	GlobalSection(SolutionConfigurationPlatforms) = preSolution
		Debug|Any CPU = Debug|Any CPU
		Debug|x64 = Debug|x64
		Debug|x86 = Debug|x86
		Release|Any CPU = Release|Any CPU
		Release|x64 = Release|x64
		Release|x86 = Release|x86
	EndGlobalSection
	GlobalSection(SolutionProperties) = preSolution
		HideSolutionNode = FALSE
	EndGlobalSection
	GlobalSection(ProjectConfigurationPlatforms) = postSolution
		{58C03431-148B-4397-891E-7BF4C0C7E1A9}.Debug|Any CPU.ActiveCfg = Debug|Any CPU
		{58C03431-148B-4397-891E-7BF4C0C7E1A9}.Debug|Any CPU.Build.0 = Debug|Any CPU
		{58C03431-148B-4397-891E-7BF4C0C7E1A9}.Debug|x64.ActiveCfg = Debug|Any CPU
		{58C03431-148B-4397-891E-7BF4C0C7E1A9}.Debug|x64.Build.0 = Debug|Any CPU
		{58C03431-148B-4397-891E-7BF4C0C7E1A9}.Debug|x86.ActiveCfg = Debug|Any CPU
		{58C03431-148B-4397-891E-7BF4C0C7E1A9}.Debug|x86.Build.0 = Debug|Any CPU
		{58C03431-148B-4397-891E-7BF4C0C7E1A9}.Release|Any CPU.ActiveCfg = Release|Any CPU
		{58C03431-148B-4397-891E-7BF4C0C7E1A9}.Release|Any CPU.Build.0 = Release|Any CPU
		{58C03431-148B-4397-891E-7BF4C0C7E1A9}.Release|x64.ActiveCfg = Release|Any CPU
		{58C03431-148B-4397-891E-7BF4C0C7E1A9}.Release|x64.Build.0 = Release|Any CPU
		{58C03431-148B-4397-891E-7BF4C0C7E1A9}.Release|x86.ActiveCfg = Release|Any CPU
		{58C03431-148B-4397-891E-7BF4C0C7E1A9}.Release|x86.Build.0 = Release|Any CPU
		{0DCE5B20-A7A7-43E9-ACD6-63D86911F4DB}.Debug|Any CPU.ActiveCfg = Debug|Any CPU
		{0DCE5B20-A7A7-43E9-ACD6-63D86911F4DB}.Debug|Any CPU.Build.0 = Debug|Any CPU
		{0DCE5B20-A7A7-43E9-ACD6-63D86911F4DB}.Debug|x64.ActiveCfg = Debug|Any CPU
		{0DCE5B20-A7A7-43E9-ACD6-63D86911F4DB}.Debug|x64.Build.0 = Debug|Any CPU
		{0DCE5B20-A7A7-43E9-ACD6-63D86911F4DB}.Debug|x86.ActiveCfg = Debug|Any CPU
		{0DCE5B20-A7A7-43E9-ACD6-63D86911F4DB}.Debug|x86.Build.0 = Debug|Any CPU
		{0DCE5B20-A7A7-43E9-ACD6-63D86911F4DB}.Release|Any CPU.ActiveCfg = Release|Any CPU
		{0DCE5B20-A7A7-43E9-ACD6-63D86911F4DB}.Release|Any CPU.Build.0 = Release|Any CPU
		{0DCE5B20-A7A7-43E9-ACD6-63D86911F4DB}.Release|x64.ActiveCfg = Release|Any CPU
		{0DCE5B20-A7A7-43E9-ACD6-63D86911F4DB}.Release|x64.Build.0 = Release|Any CPU
		{0DCE5B20-A7A7-43E9-ACD6-63D86911F4DB}.Release|x86.ActiveCfg = Release|Any CPU
		{0DCE5B20-A7A7-43E9-ACD6-63D86911F4DB}.Release|x86.Build.0 = Release|Any CPU
		{6C3F420E-5CF9-49C2-A99A-0E80DB09B3D8}.Debug|Any CPU.ActiveCfg = Debug|Any CPU
		{6C3F420E-5CF9-49C2-A99A-0E80DB09B3D8}.Debug|Any CPU.Build.0 = Debug|Any CPU
		{6C3F420E-5CF9-49C2-A99A-0E80DB09B3D8}.Debug|x64.ActiveCfg = Debug|Any CPU
		{6C3F420E-5CF9-49C2-A99A-0E80DB09B3D8}.Debug|x64.Build.0 = Debug|Any CPU
		{6C3F420E-5CF9-49C2-A99A-0E80DB09B3D8}.Debug|x86.ActiveCfg = Debug|Any CPU
		{6C3F420E-5CF9-49C2-A99A-0E80DB09B3D8}.Debug|x86.Build.0 = Debug|Any CPU
		{6C3F420E-5CF9-49C2-A99A-0E80DB09B3D8}.Release|Any CPU.ActiveCfg = Release|Any CPU
		{6C3F420E-5CF9-49C2-A99A-0E80DB09B3D8}.Release|Any CPU.Build.0 = Release|Any CPU
		{6C3F420E-5CF9-49C2-A99A-0E80DB09B3D8}.Release|x64.ActiveCfg = Release|Any CPU
		{6C3F420E-5CF9-49C2-A99A-0E80DB09B3D8}.Release|x64.Build.0 = Release|Any CPU
		{6C3F420E-5CF9-49C2-A99A-0E80DB09B3D8}.Release|x86.ActiveCfg = Release|Any CPU
		{6C3F420E-5CF9-49C2-A99A-0E80DB09B3D8}.Release|x86.Build.0 = Release|Any CPU
	EndGlobalSection
	GlobalSection(NestedProjects) = preSolution
		{6C3F420E-5CF9-49C2-A99A-0E80DB09B3D8} = {E37FA4A2-2B35-4117-87F7-E555C2237AA4}
	EndGlobalSection
EndGlobal
